
Microsoft Visual Studio Solution File, Format Version 12.00
# Visual Studio Version 16
VisualStudioVersion = 16.0.31410.357
MinimumVisualStudioVersion = 10.0.40219.1
Project("{9A19103F-16F7-4668-BE54-9A1E7A4F7556}") = "FreeGaming.Data", "FreeGaming.Data\FreeGaming.Data.csproj", "{302A4134-AFD0-416D-B6D2-40CC1BC0A984}"
EndProject
Project("{9A19103F-16F7-4668-BE54-9A1E7A4F7556}") = "FreeGaming.Common", "FreeGaming.Common\FreeGaming.Common.csproj", "{0FFE3298-EA03-437E-ADE3-F1DF89E3C104}"
EndProject
Project("{9A19103F-16F7-4668-BE54-9A1E7A4F7556}") = "FreeGaming.Infrastructure", "FreeGaming.Infrastructure\FreeGaming.Infrastructure.csproj", "{021F0C74-5A01-4F83-960B-B4E6B1B15D0A}"
EndProject
Project("{9A19103F-16F7-4668-BE54-9A1E7A4F7556}") = "FreeGaming.Web", "FreeGaming.Web\FreeGaming.Web.csproj", "{B59499D9-E73B-4BF2-A51D-265C10868597}"
EndProject
Project("{FAE04EC0-301F-11D3-BF4B-00C04F79EFBC}") = "FreeGaming.Services", "FreeGaming.Services\FreeGaming.Services.csproj", "{2745E248-B2DD-4145-A296-DBB8D5049E12}"
EndProject
Global
	GlobalSection(SolutionConfigurationPlatforms) = preSolution
		Debug|Any CPU = Debug|Any CPU
		Release|Any CPU = Release|Any CPU
	EndGlobalSection
	GlobalSection(ProjectConfigurationPlatforms) = postSolution
		{302A4134-AFD0-416D-B6D2-40CC1BC0A984}.Debug|Any CPU.ActiveCfg = Debug|Any CPU
		{302A4134-AFD0-416D-B6D2-40CC1BC0A984}.Debug|Any CPU.Build.0 = Debug|Any CPU
		{302A4134-AFD0-416D-B6D2-40CC1BC0A984}.Release|Any CPU.ActiveCfg = Release|Any CPU
		{302A4134-AFD0-416D-B6D2-40CC1BC0A984}.Release|Any CPU.Build.0 = Release|Any CPU
		{0FFE3298-EA03-437E-ADE3-F1DF89E3C104}.Debug|Any CPU.ActiveCfg = Debug|Any CPU
		{0FFE3298-EA03-437E-ADE3-F1DF89E3C104}.Debug|Any CPU.Build.0 = Debug|Any CPU
		{0FFE3298-EA03-437E-ADE3-F1DF89E3C104}.Release|Any CPU.ActiveCfg = Release|Any CPU
		{0FFE3298-EA03-437E-ADE3-F1DF89E3C104}.Release|Any CPU.Build.0 = Release|Any CPU
		{021F0C74-5A01-4F83-960B-B4E6B1B15D0A}.Debug|Any CPU.ActiveCfg = Debug|Any CPU
		{021F0C74-5A01-4F83-960B-B4E6B1B15D0A}.Debug|Any CPU.Build.0 = Debug|Any CPU
		{021F0C74-5A01-4F83-960B-B4E6B1B15D0A}.Release|Any CPU.ActiveCfg = Release|Any CPU
		{021F0C74-5A01-4F83-960B-B4E6B1B15D0A}.Release|Any CPU.Build.0 = Release|Any CPU
		{B59499D9-E73B-4BF2-A51D-265C10868597}.Debug|Any CPU.ActiveCfg = Debug|Any CPU
		{B59499D9-E73B-4BF2-A51D-265C10868597}.Debug|Any CPU.Build.0 = Debug|Any CPU
		{B59499D9-E73B-4BF2-A51D-265C10868597}.Release|Any CPU.ActiveCfg = Release|Any CPU
		{B59499D9-E73B-4BF2-A51D-265C10868597}.Release|Any CPU.Build.0 = Release|Any CPU
		{2745E248-B2DD-4145-A296-DBB8D5049E12}.Debug|Any CPU.ActiveCfg = Debug|Any CPU
		{2745E248-B2DD-4145-A296-DBB8D5049E12}.Debug|Any CPU.Build.0 = Debug|Any CPU
		{2745E248-B2DD-4145-A296-DBB8D5049E12}.Release|Any CPU.ActiveCfg = Release|Any CPU
		{2745E248-B2DD-4145-A296-DBB8D5049E12}.Release|Any CPU.Build.0 = Release|Any CPU
	EndGlobalSection
	GlobalSection(SolutionProperties) = preSolution
		HideSolutionNode = FALSE
	EndGlobalSection
	GlobalSection(ExtensibilityGlobals) = postSolution
		SolutionGuid = {0A4235C1-646E-42E5-8875-DAA0451018B3}
	EndGlobalSection
EndGlobal
